
Microsoft Visual Studio Solution File, Format Version 12.00
# Visual Studio Version 17
VisualStudioVersion = 17.11.35222.181
MinimumVisualStudioVersion = 10.0.40219.1
Project("{FAE04EC0-301F-11D3-BF4B-00C04F79EFBC}") = "Week5LogicalOperators", "Week5LogicalOperators\Week5LogicalOperators.csproj", "{446BE5D9-7E0D-4EDF-869B-468D34232FB1}"
EndProject
Project("{FAE04EC0-301F-11D3-BF4B-00C04F79EFBC}") = "ANDOperator", "ANDOperator\ANDOperator.csproj", "{05843235-61AA-41BF-9A77-1395E10CE7C2}"
EndProject
Project("{FAE04EC0-301F-11D3-BF4B-00C04F79EFBC}") = "OROperator", "OROperator\OROperator.csproj", "{80197F7E-9708-40F2-8959-13279B36A80F}"
EndProject
Project("{FAE04EC0-301F-11D3-BF4B-00C04F79EFBC}") = "ANDRanges", "ANDRanges\ANDRanges.csproj", "{B85D84F5-91A5-4997-8A33-A3B8684E3243}"
EndProject
Global
	GlobalSection(SolutionConfigurationPlatforms) = preSolution
		Debug|Any CPU = Debug|Any CPU
		Release|Any CPU = Release|Any CPU
	EndGlobalSection
	GlobalSection(ProjectConfigurationPlatforms) = postSolution
		{446BE5D9-7E0D-4EDF-869B-468D34232FB1}.Debug|Any CPU.ActiveCfg = Debug|Any CPU
		{446BE5D9-7E0D-4EDF-869B-468D34232FB1}.Debug|Any CPU.Build.0 = Debug|Any CPU
		{446BE5D9-7E0D-4EDF-869B-468D34232FB1}.Release|Any CPU.ActiveCfg = Release|Any CPU
		{446BE5D9-7E0D-4EDF-869B-468D34232FB1}.Release|Any CPU.Build.0 = Release|Any CPU
		{05843235-61AA-41BF-9A77-1395E10CE7C2}.Debug|Any CPU.ActiveCfg = Debug|Any CPU
		{05843235-61AA-41BF-9A77-1395E10CE7C2}.Debug|Any CPU.Build.0 = Debug|Any CPU
		{05843235-61AA-41BF-9A77-1395E10CE7C2}.Release|Any CPU.ActiveCfg = Release|Any CPU
		{05843235-61AA-41BF-9A77-1395E10CE7C2}.Release|Any CPU.Build.0 = Release|Any CPU
		{80197F7E-9708-40F2-8959-13279B36A80F}.Debug|Any CPU.ActiveCfg = Debug|Any CPU
		{80197F7E-9708-40F2-8959-13279B36A80F}.Debug|Any CPU.Build.0 = Debug|Any CPU
		{80197F7E-9708-40F2-8959-13279B36A80F}.Release|Any CPU.ActiveCfg = Release|Any CPU
		{80197F7E-9708-40F2-8959-13279B36A80F}.Release|Any CPU.Build.0 = Release|Any CPU
		{B85D84F5-91A5-4997-8A33-A3B8684E3243}.Debug|Any CPU.ActiveCfg = Debug|Any CPU
		{B85D84F5-91A5-4997-8A33-A3B8684E3243}.Debug|Any CPU.Build.0 = Debug|Any CPU
		{B85D84F5-91A5-4997-8A33-A3B8684E3243}.Release|Any CPU.ActiveCfg = Release|Any CPU
		{B85D84F5-91A5-4997-8A33-A3B8684E3243}.Release|Any CPU.Build.0 = Release|Any CPU
	EndGlobalSection
	GlobalSection(SolutionProperties) = preSolution
		HideSolutionNode = FALSE
	EndGlobalSection
	GlobalSection(ExtensibilityGlobals) = postSolution
		SolutionGuid = {6DFE5233-C836-41E0-858F-63076266BC3C}
	EndGlobalSection
EndGlobal
